Microsoft Visual Studio Solution File, Format Version 12.00
# Visual Studio 2012
Project("{FAE04EC0-301F-11D3-BF4B-00C04F79EFBC}") = "Fysik", "Fysik.csproj", "{680272B2-0153-47B2-8885-AC2E1B4F6C71}"
EndProject
Global
	GlobalSection(SolutionConfigurationPlatforms) = preSolution
	Debug|Any CPU = Debug|Any CPU
	ExportDebug|Any CPU = ExportDebug|Any CPU
	ExportRelease|Any CPU = ExportRelease|Any CPU
	EndGlobalSection
	GlobalSection(ProjectConfigurationPlatforms) = postSolution
		{680272B2-0153-47B2-8885-AC2E1B4F6C71}.Debug|Any CPU.ActiveCfg = Debug|Any CPU
		{680272B2-0153-47B2-8885-AC2E1B4F6C71}.Debug|Any CPU.Build.0 = Debug|Any CPU
		{680272B2-0153-47B2-8885-AC2E1B4F6C71}.ExportDebug|Any CPU.ActiveCfg = ExportDebug|Any CPU
		{680272B2-0153-47B2-8885-AC2E1B4F6C71}.ExportDebug|Any CPU.Build.0 = ExportDebug|Any CPU
		{680272B2-0153-47B2-8885-AC2E1B4F6C71}.ExportRelease|Any CPU.ActiveCfg = ExportRelease|Any CPU
		{680272B2-0153-47B2-8885-AC2E1B4F6C71}.ExportRelease|Any CPU.Build.0 = ExportRelease|Any CPU
	EndGlobalSection
EndGlobal
